
Microsoft Visual Studio Solution File, Format Version 12.00
# Visual Studio 15
VisualStudioVersion = 15.0.26124.0
MinimumVisualStudioVersion = 15.0.26124.0
Project("{FAE04EC0-301F-11D3-BF4B-00C04F79EFBC}") = "Domain", "Domain\Domain.csproj", "{73EBAD8C-5E6B-45F2-B97E-8E0391005803}"
EndProject
Project("{FAE04EC0-301F-11D3-BF4B-00C04F79EFBC}") = "Application", "Application\Application.csproj", "{AE207880-193F-49C3-904A-842C1A53B6D4}"
EndProject
Project("{FAE04EC0-301F-11D3-BF4B-00C04F79EFBC}") = "Persistence", "Persistence\Persistence.csproj", "{A6F96E28-2D07-4F25-A0E1-E4FBF1D775BD}"
EndProject
Project("{FAE04EC0-301F-11D3-BF4B-00C04F79EFBC}") = "API", "API\API.csproj", "{09A5796E-502A-4C3B-8222-27B8ACBEF62F}"
EndProject
Project("{FAE04EC0-301F-11D3-BF4B-00C04F79EFBC}") = "Infrastructure", "Infrastructure\Infrastructure.csproj", "{5BCC8EA1-4C68-4417-9AD6-707D53378B33}"
EndProject
Global
	GlobalSection(SolutionConfigurationPlatforms) = preSolution
		Debug|Any CPU = Debug|Any CPU
		Debug|x64 = Debug|x64
		Debug|x86 = Debug|x86
		Release|Any CPU = Release|Any CPU
		Release|x64 = Release|x64
		Release|x86 = Release|x86
	EndGlobalSection
	GlobalSection(SolutionProperties) = preSolution
		HideSolutionNode = FALSE
	EndGlobalSection
	GlobalSection(ProjectConfigurationPlatforms) = postSolution
		{73EBAD8C-5E6B-45F2-B97E-8E0391005803}.Debug|Any CPU.ActiveCfg = Debug|Any CPU
		{73EBAD8C-5E6B-45F2-B97E-8E0391005803}.Debug|Any CPU.Build.0 = Debug|Any CPU
		{73EBAD8C-5E6B-45F2-B97E-8E0391005803}.Debug|x64.ActiveCfg = Debug|Any CPU
		{73EBAD8C-5E6B-45F2-B97E-8E0391005803}.Debug|x64.Build.0 = Debug|Any CPU
		{73EBAD8C-5E6B-45F2-B97E-8E0391005803}.Debug|x86.ActiveCfg = Debug|Any CPU
		{73EBAD8C-5E6B-45F2-B97E-8E0391005803}.Debug|x86.Build.0 = Debug|Any CPU
		{73EBAD8C-5E6B-45F2-B97E-8E0391005803}.Release|Any CPU.ActiveCfg = Release|Any CPU
		{73EBAD8C-5E6B-45F2-B97E-8E0391005803}.Release|Any CPU.Build.0 = Release|Any CPU
		{73EBAD8C-5E6B-45F2-B97E-8E0391005803}.Release|x64.ActiveCfg = Release|Any CPU
		{73EBAD8C-5E6B-45F2-B97E-8E0391005803}.Release|x64.Build.0 = Release|Any CPU
		{73EBAD8C-5E6B-45F2-B97E-8E0391005803}.Release|x86.ActiveCfg = Release|Any CPU
		{73EBAD8C-5E6B-45F2-B97E-8E0391005803}.Release|x86.Build.0 = Release|Any CPU
		{AE207880-193F-49C3-904A-842C1A53B6D4}.Debug|Any CPU.ActiveCfg = Debug|Any CPU
		{AE207880-193F-49C3-904A-842C1A53B6D4}.Debug|Any CPU.Build.0 = Debug|Any CPU
		{AE207880-193F-49C3-904A-842C1A53B6D4}.Debug|x64.ActiveCfg = Debug|Any CPU
		{AE207880-193F-49C3-904A-842C1A53B6D4}.Debug|x64.Build.0 = Debug|Any CPU
		{AE207880-193F-49C3-904A-842C1A53B6D4}.Debug|x86.ActiveCfg = Debug|Any CPU
		{AE207880-193F-49C3-904A-842C1A53B6D4}.Debug|x86.Build.0 = Debug|Any CPU
		{AE207880-193F-49C3-904A-842C1A53B6D4}.Release|Any CPU.ActiveCfg = Release|Any CPU
		{AE207880-193F-49C3-904A-842C1A53B6D4}.Release|Any CPU.Build.0 = Release|Any CPU
		{AE207880-193F-49C3-904A-842C1A53B6D4}.Release|x64.ActiveCfg = Release|Any CPU
		{AE207880-193F-49C3-904A-842C1A53B6D4}.Release|x64.Build.0 = Release|Any CPU
		{AE207880-193F-49C3-904A-842C1A53B6D4}.Release|x86.ActiveCfg = Release|Any CPU
		{AE207880-193F-49C3-904A-842C1A53B6D4}.Release|x86.Build.0 = Release|Any CPU
		{A6F96E28-2D07-4F25-A0E1-E4FBF1D775BD}.Debug|Any CPU.ActiveCfg = Debug|Any CPU
		{A6F96E28-2D07-4F25-A0E1-E4FBF1D775BD}.Debug|Any CPU.Build.0 = Debug|Any CPU
		{A6F96E28-2D07-4F25-A0E1-E4FBF1D775BD}.Debug|x64.ActiveCfg = Debug|Any CPU
		{A6F96E28-2D07-4F25-A0E1-E4FBF1D775BD}.Debug|x64.Build.0 = Debug|Any CPU
		{A6F96E28-2D07-4F25-A0E1-E4FBF1D775BD}.Debug|x86.ActiveCfg = Debug|Any CPU
		{A6F96E28-2D07-4F25-A0E1-E4FBF1D775BD}.Debug|x86.Build.0 = Debug|Any CPU
		{A6F96E28-2D07-4F25-A0E1-E4FBF1D775BD}.Release|Any CPU.ActiveCfg = Release|Any CPU
		{A6F96E28-2D07-4F25-A0E1-E4FBF1D775BD}.Release|Any CPU.Build.0 = Release|Any CPU
		{A6F96E28-2D07-4F25-A0E1-E4FBF1D775BD}.Release|x64.ActiveCfg = Release|Any CPU
		{A6F96E28-2D07-4F25-A0E1-E4FBF1D775BD}.Release|x64.Build.0 = Release|Any CPU
		{A6F96E28-2D07-4F25-A0E1-E4FBF1D775BD}.Release|x86.ActiveCfg = Release|Any CPU
		{A6F96E28-2D07-4F25-A0E1-E4FBF1D775BD}.Release|x86.Build.0 = Release|Any CPU
		{09A5796E-502A-4C3B-8222-27B8ACBEF62F}.Debug|Any CPU.ActiveCfg = Debug|Any CPU
		{09A5796E-502A-4C3B-8222-27B8ACBEF62F}.Debug|Any CPU.Build.0 = Debug|Any CPU
		{09A5796E-502A-4C3B-8222-27B8ACBEF62F}.Debug|x64.ActiveCfg = Debug|Any CPU
		{09A5796E-502A-4C3B-8222-27B8ACBEF62F}.Debug|x64.Build.0 = Debug|Any CPU
		{09A5796E-502A-4C3B-8222-27B8ACBEF62F}.Debug|x86.ActiveCfg = Debug|Any CPU
		{09A5796E-502A-4C3B-8222-27B8ACBEF62F}.Debug|x86.Build.0 = Debug|Any CPU
		{09A5796E-502A-4C3B-8222-27B8ACBEF62F}.Release|Any CPU.ActiveCfg = Release|Any CPU
		{09A5796E-502A-4C3B-8222-27B8ACBEF62F}.Release|Any CPU.Build.0 = Release|Any CPU
		{09A5796E-502A-4C3B-8222-27B8ACBEF62F}.Release|x64.ActiveCfg = Release|Any CPU
		{09A5796E-502A-4C3B-8222-27B8ACBEF62F}.Release|x64.Build.0 = Release|Any CPU
		{09A5796E-502A-4C3B-8222-27B8ACBEF62F}.Release|x86.ActiveCfg = Release|Any CPU
		{09A5796E-502A-4C3B-8222-27B8ACBEF62F}.Release|x86.Build.0 = Release|Any CPU
		{5BCC8EA1-4C68-4417-9AD6-707D53378B33}.Debug|Any CPU.ActiveCfg = Debug|Any CPU
		{5BCC8EA1-4C68-4417-9AD6-707D53378B33}.Debug|Any CPU.Build.0 = Debug|Any CPU
		{5BCC8EA1-4C68-4417-9AD6-707D53378B33}.Debug|x64.ActiveCfg = Debug|Any CPU
		{5BCC8EA1-4C68-4417-9AD6-707D53378B33}.Debug|x64.Build.0 = Debug|Any CPU
		{5BCC8EA1-4C68-4417-9AD6-707D53378B33}.Debug|x86.ActiveCfg = Debug|Any CPU
		{5BCC8EA1-4C68-4417-9AD6-707D53378B33}.Debug|x86.Build.0 = Debug|Any CPU
		{5BCC8EA1-4C68-4417-9AD6-707D53378B33}.Release|Any CPU.ActiveCfg = Release|Any CPU
		{5BCC8EA1-4C68-4417-9AD6-707D53378B33}.Release|Any CPU.Build.0 = Release|Any CPU
		{5BCC8EA1-4C68-4417-9AD6-707D53378B33}.Release|x64.ActiveCfg = Release|Any CPU
		{5BCC8EA1-4C68-4417-9AD6-707D53378B33}.Release|x64.Build.0 = Release|Any CPU
		{5BCC8EA1-4C68-4417-9AD6-707D53378B33}.Release|x86.ActiveCfg = Release|Any CPU
		{5BCC8EA1-4C68-4417-9AD6-707D53378B33}.Release|x86.Build.0 = Release|Any CPU
	EndGlobalSection
EndGlobal
